github.com/Compogo/compogo v0.0.33 h1:1PQVrobHEj6lFJyfGswBU97mwo/10YLTflu/txKnj1s=
github.com/Compogo/compogo v0.0.33/go.mod h1:Nwz8DqfcABMaEcJ5Ns2xEC7lFt22KRd+jLfl9Gek9d4=
github.com/Compogo/db-client v0.0.3 h1:+Bw3417slf8LyGgDmMccxihKiH434PAu6O6s/hxNUis=
github.com/Compogo/db-client v0.0.3/go.mod h1:Tb/e6WPNqOaOmgx0kbAjM381Nb4+W75I8WNK7j4Zr5c=
github.com/Compogo/db-client v0.0.4 h1:0FcZAzb+g+JwIh5LbHSVwOmaO1jVrcP48W74CWns8ZM=
github.com/Compogo/db-client v0.0.4/go.mod h1:c948mmTJdbuV7f59LYEibHax4YmG73r6b5fndiY8vtc=
github.com/Compogo/tools v0.0.1 h1:oEsD838gwG4xAbKkWerRViLp4Gi+fqT07MJRucDL3vY=
github.com/Compogo/tools v0.0.1/go.mod h1:WMC6OW6nB8hsEMMa/1BR0/CWcDVAfg8Bj2+K08Ufcy4=
github.com/Compogo/types v0.0.15 h1:qWOnDEyM6uJMFIA9pPYtxteCA8WmpUIGjcsbJaTu4l8=
github.com/Compogo/types v0.0.15/go.mod h1:2wj58tE4RGlT4JsrN9s+M/kdJ4guUOma+jCXNB3WsB4=
github.com/golang-migrate/migrate/v4 v4.19.1 h1:OCyb44lFuQfYXYLx1SCxPZQGU7mcaZ7gH9yH4jSFbBA=
github.com/golang-migrate/migrate/v4 v4.19.1/go.mod h1:CTcgfjxhaUtsLipnLoQRWCrjYXycRz/g5+RWDuYgPrE=
github.com/lib/pq v1.10.9 h1:YXG7RB+JIjhP29X+OtkiDnYaXQwpS4JEWq7dtCCRUEw=
github.com/lib/pq v1.10.9/go.mod h1:AlVN5x4E4T544tWzH6hKfbfQvm3HdbOxrmggDNAPY9o=
