github.com/Compogo/compogo v0.0.24 h1:x2DW6l9y4PX+GlBjH6rJOb7jw+q7rVh8eKpZHs0zkeY=
github.com/Compogo/compogo v0.0.24/go.mod h1:XHLqDJCqPizXlvJnuoCBGheKyfuD5zJFbFGG16sxGyU=
github.com/Compogo/tools v0.0.1 h1:oEsD838gwG4xAbKkWerRViLp4Gi+fqT07MJRucDL3vY=
github.com/Compogo/tools v0.0.1/go.mod h1:WMC6OW6nB8hsEMMa/1BR0/CWcDVAfg8Bj2+K08Ufcy4=
github.com/Compogo/types v0.0.2 h1:bzYcqmhPGAj52O5OuQOXAaJX1VHoSUy1Jhi13iZ639E=
github.com/Compogo/types v0.0.2/go.mod h1:2wj58tE4RGlT4JsrN9s+M/kdJ4guUOma+jCXNB3WsB4=
github.com/Compogo/types v0.0.6 h1:RT2Mu7RiCC6jPt7l7pW4nXwqC4+qKyGuNMR2Z+dYsmQ=
github.com/Compogo/types v0.0.6/go.mod h1:2wj58tE4RGlT4JsrN9s+M/kdJ4guUOma+jCXNB3WsB4=
github.com/Compogo/types v0.0.7 h1:kO9onn+IxfA8zYLz5L0LrVpUmIa1mz4asPOD7+j0qSo=
github.com/Compogo/types v0.0.7/go.mod h1:2wj58tE4RGlT4JsrN9s+M/kdJ4guUOma+jCXNB3WsB4=
github.com/Compogo/types v0.0.8 h1:nw8dnh6Zj08FtaxmdPjlhfMDBoMvcg7KtM7vfx0payE=
github.com/Compogo/types v0.0.8/go.mod h1:2wj58tE4RGlT4JsrN9s+M/kdJ4guUOma+jCXNB3WsB4=
github.com/golang-migrate/migrate/v4 v4.19.1 h1:OCyb44lFuQfYXYLx1SCxPZQGU7mcaZ7gH9yH4jSFbBA=
github.com/golang-migrate/migrate/v4 v4.19.1/go.mod h1:CTcgfjxhaUtsLipnLoQRWCrjYXycRz/g5+RWDuYgPrE=
